<?xml version="1.0" encoding="utf-8"?>
<Project ToolsVersion="4.0" xmlns="http://schemas.microsoft.com/developer/msbuild/2003">
  <ItemGroup>
    <Filter Include="Source Files">
      <UniqueIdentifier>{4FC737F1-C7A5-4376-A066-2A32D752A2FF}</UniqueIdentifier>
      <Extensions>cpp;c;cc;cxx;def;odl;idl;hpj;bat;asm;asmx</Extensions>
    </Filter>
    <Filter Include="Header Files">
      <UniqueIdentifier>{93995380-89BD-4b04-88EB-625FBE52EBFB}</UniqueIdentifier>
      <Extensions>h;hh;hpp;hxx;hm;inl;inc;xsd</Extensions>
    </Filter>
    <Filter Include="Resource Files">
      <UniqueIdentifier>{67DA6AB6-F800-4c08-8B7A-83BB121AAD01}</UniqueIdentifier>
      <Extensions>rc;ico;cur;bmp;dlg;rc2;rct;bin;rgs;gif;jpg;jpeg;jpe;resx;tiff;tif;png;wav;mfcribbon-ms</Extensions>
    </Filter>
    <Filter Include="Source Files\graphics">
      <UniqueIdentifier>{b59b72c1-f522-4ca4-b271-4c0d73df2c51}</UniqueIdentifier>
    </Filter>
    <Filter Include="Source Files\shaders">
      <UniqueIdentifier>{da11ccd1-dba2-4b74-b2e4-0641f2baa1ae}</UniqueIdentifier>
    </Filter>
    <Filter Include="Source Files\tools">
      <UniqueIdentifier>{48c67baf-87a4-4c13-aad2-09b2c1dd94aa}</UniqueIdentifier>
    </Filter>
    <Filter Include="Source Files\camera">
      <UniqueIdentifier>{5eda6ac8-bb29-4c1b-be96-150c4008e4d4}</UniqueIdentifier>
    </Filter>
  </ItemGroup>
  <ItemGroup>
    <ClCompile Include="ogldev_util.cpp">
      <Filter>Source Files</Filter>
    </ClCompile>
    <ClCompile Include="renderer.cpp">
      <Filter>Source Files\graphics</Filter>
    </ClCompile>
    <ClCompile Include="dataset.cpp">
      <Filter>Source Files\tools</Filter>
    </ClCompile>
    <ClCompile Include="imageUtils.cpp">
      <Filter>Source Files\tools</Filter>
    </ClCompile>
    <ClCompile Include="gradient.cpp">
      <Filter>Source Files\tools</Filter>
    </ClCompile>
    <ClCompile Include="mmath.cpp">
      <Filter>Source Files\tools</Filter>
    </ClCompile>
    <ClCompile Include="reader.cpp">
      <Filter>Source Files\tools</Filter>
    </ClCompile>
    <ClCompile Include="texture.cpp">
      <Filter>Source Files\graphics</Filter>
    </ClCompile>
    <ClCompile Include="camera.cpp">
      <Filter>Source Files\camera</Filter>
    </ClCompile>
    <ClCompile Include="trackball.cpp">
      <Filter>Source Files\camera</Filter>
    </ClCompile>
    <ClCompile Include="transform.cpp">
      <Filter>Source Files\camera</Filter>
    </ClCompile>
    <ClCompile Include="slicing.cpp">
      <Filter>Source Files\graphics</Filter>
    </ClCompile>
    <ClCompile Include="GLSLShader.cpp">
      <Filter>Source Files\graphics</Filter>
    </ClCompile>
    <ClCompile Include="hud.cpp">
      <Filter>Source Files\graphics</Filter>
    </ClCompile>
    <ClCompile Include="illumination.cpp">
      <Filter>Source Files\graphics</Filter>
    </ClCompile>
    <ClCompile Include="transferEdit.cpp">
      <Filter>Source Files\graphics</Filter>
    </ClCompile>
    <ClCompile Include="fpsCounter.cpp">
      <Filter>Source Files\tools</Filter>
    </ClCompile>
    <ClCompile Include="3DLIC.cpp">
      <Filter>Source Files</Filter>
    </ClCompile>
    <ClCompile Include="parseArg.cpp">
      <Filter>Source Files\tools</Filter>
    </ClCompile>
    <ClCompile Include="timer.cpp">
      <Filter>Source Files\tools</Filter>
    </ClCompile>
    <ClCompile Include="VolumeBuffer.cpp">
      <Filter>Source Files\graphics</Filter>
    </ClCompile>
    <ClCompile Include="VolumeTex.cpp">
      <Filter>Source Files\graphics</Filter>
    </ClCompile>
  </ItemGroup>
  <ItemGroup>
    <ClInclude Include="types.h">
      <Filter>Header Files</Filter>
    </ClInclude>
    <ClInclude Include="3DLIC.h">
      <Filter>Header Files</Filter>
    </ClInclude>
    <ClInclude Include="renderer.h">
      <Filter>Source Files\graphics</Filter>
    </ClInclude>
    <ClInclude Include="dataset.h">
      <Filter>Source Files\tools</Filter>
    </ClInclude>
    <ClInclude Include="imageUtils.h">
      <Filter>Source Files\tools</Filter>
    </ClInclude>
    <ClInclude Include="gradient.h">
      <Filter>Source Files\tools</Filter>
    </ClInclude>
    <ClInclude Include="mmath.h">
      <Filter>Source Files\tools</Filter>
    </ClInclude>
    <ClInclude Include="reader.h">
      <Filter>Source Files\tools</Filter>
    </ClInclude>
    <ClInclude Include="texture.h">
      <Filter>Source Files\graphics</Filter>
    </ClInclude>
    <ClInclude Include="camera.h">
      <Filter>Source Files\camera</Filter>
    </ClInclude>
    <ClInclude Include="trackball.h">
      <Filter>Source Files\camera</Filter>
    </ClInclude>
    <ClInclude Include="transform.h">
      <Filter>Source Files\camera</Filter>
    </ClInclude>
    <ClInclude Include="slicing.h">
      <Filter>Source Files\graphics</Filter>
    </ClInclude>
    <ClInclude Include="GLSLShader.h">
      <Filter>Source Files\graphics</Filter>
    </ClInclude>
    <ClInclude Include="hud.h">
      <Filter>Source Files\graphics</Filter>
    </ClInclude>
    <ClInclude Include="illumination.h">
      <Filter>Source Files\graphics</Filter>
    </ClInclude>
    <ClInclude Include="transferEdit.h">
      <Filter>Source Files\graphics</Filter>
    </ClInclude>
    <ClInclude Include="fpsCounter.h">
      <Filter>Source Files\tools</Filter>
    </ClInclude>
    <ClInclude Include="parseArg.h">
      <Filter>Source Files\tools</Filter>
    </ClInclude>
    <ClInclude Include="timer.h">
      <Filter>Source Files\tools</Filter>
    </ClInclude>
    <ClInclude Include="VolumeBuffer.h">
      <Filter>Source Files\graphics</Filter>
    </ClInclude>
    <ClInclude Include="VolumeTex.h">
      <Filter>Source Files\graphics</Filter>
    </ClInclude>
  </ItemGroup>
  <ItemGroup>
    <None Include="shader\background_fragment.glsl">
      <Filter>Source Files\shaders</Filter>
    </None>
    <None Include="shader\inc_header.glsl">
      <Filter>Source Files\shaders</Filter>
    </None>
    <None Include="shader\inc_illum.glsl">
      <Filter>Source Files\shaders</Filter>
    </None>
    <None Include="shader\inc_lic.glsl">
      <Filter>Source Files\shaders</Filter>
    </None>
    <None Include="shader\lic3d_fragment.glsl">
      <Filter>Source Files\shaders</Filter>
    </None>
    <None Include="shader\lic3d_slicing_fragment.glsl">
      <Filter>Source Files\shaders</Filter>
    </None>
    <None Include="shader\lic3d_slicingblend_fragment.glsl">
      <Filter>Source Files\shaders</Filter>
    </None>
    <None Include="shader\phong_fragment.glsl">
      <Filter>Source Files\shaders</Filter>
    </None>
    <None Include="shader\phong_vertex.glsl">
      <Filter>Source Files\shaders</Filter>
    </None>
    <None Include="shader\vectorfield_fragment.glsl">
      <Filter>Source Files\shaders</Filter>
    </None>
    <None Include="shader\volic_vertex.glsl">
      <Filter>Source Files\shaders</Filter>
    </None>
    <None Include="shader\lic3d_volume_fragment.glsl">
      <Filter>Source Files\shaders</Filter>
    </None>
    <None Include="shader\raycast_lic3d_fragment.glsl">
      <Filter>Source Files\shaders</Filter>
    </None>
  </ItemGroup>
</Project>